
Microsoft Visual Studio Solution File, Format Version 12.00
# Visual Studio Version 17
VisualStudioVersion = 17.12.35527.113
MinimumVisualStudioVersion = 10.0.40219.1
Project("{FAE04EC0-301F-11D3-BF4B-00C04F79EFBC}") = "ClipKart.API", "ClipKart.API\ClipKart.API.csproj", "{20DCCC44-FDAF-408C-99F4-94569B9A2FDC}"
EndProject
Project("{FAE04EC0-301F-11D3-BF4B-00C04F79EFBC}") = "ClipKart.Core", "ClipKart.Core\ClipKart.Core.csproj", "{BDA28EB9-1B88-492A-82AE-BF50398E6D1F}"
EndProject
Project("{FAE04EC0-301F-11D3-BF4B-00C04F79EFBC}") = "Clipkart.Infrastructure", "Clipkart.Infrastructure\Clipkart.Infrastructure.csproj", "{83574188-4257-4B31-BC82-1BC5ACA39F01}"
EndProject
Global
	GlobalSection(SolutionConfigurationPlatforms) = preSolution
		Debug|Any CPU = Debug|Any CPU
		Release|Any CPU = Release|Any CPU
	EndGlobalSection
	GlobalSection(ProjectConfigurationPlatforms) = postSolution
		{20DCCC44-FDAF-408C-99F4-94569B9A2FDC}.Debug|Any CPU.ActiveCfg = Debug|Any CPU
		{20DCCC44-FDAF-408C-99F4-94569B9A2FDC}.Debug|Any CPU.Build.0 = Debug|Any CPU
		{20DCCC44-FDAF-408C-99F4-94569B9A2FDC}.Release|Any CPU.ActiveCfg = Release|Any CPU
		{20DCCC44-FDAF-408C-99F4-94569B9A2FDC}.Release|Any CPU.Build.0 = Release|Any CPU
		{BDA28EB9-1B88-492A-82AE-BF50398E6D1F}.Debug|Any CPU.ActiveCfg = Debug|Any CPU
		{BDA28EB9-1B88-492A-82AE-BF50398E6D1F}.Debug|Any CPU.Build.0 = Debug|Any CPU
		{BDA28EB9-1B88-492A-82AE-BF50398E6D1F}.Release|Any CPU.ActiveCfg = Release|Any CPU
		{BDA28EB9-1B88-492A-82AE-BF50398E6D1F}.Release|Any CPU.Build.0 = Release|Any CPU
		{83574188-4257-4B31-BC82-1BC5ACA39F01}.Debug|Any CPU.ActiveCfg = Debug|Any CPU
		{83574188-4257-4B31-BC82-1BC5ACA39F01}.Debug|Any CPU.Build.0 = Debug|Any CPU
		{83574188-4257-4B31-BC82-1BC5ACA39F01}.Release|Any CPU.ActiveCfg = Release|Any CPU
		{83574188-4257-4B31-BC82-1BC5ACA39F01}.Release|Any CPU.Build.0 = Release|Any CPU
	EndGlobalSection
	GlobalSection(SolutionProperties) = preSolution
		HideSolutionNode = FALSE
	EndGlobalSection
EndGlobal
